
Microsoft Visual Studio Solution File, Format Version 12.00
# Visual Studio Version 17
VisualStudioVersion = 17.3.32929.385
MinimumVisualStudioVersion = 10.0.40219.1
Project("{9A19103F-16F7-4668-BE54-9A1E7A4F7556}") = "Itra", "Itra.csproj", "{B8D20B25-DA59-4FF0-9039-AA922DB66CF4}"
EndProject
Global
	GlobalSection(SolutionConfigurationPlatforms) = preSolution
		Debug|Any CPU = Debug|Any CPU
		Release|Any CPU = Release|Any CPU
	EndGlobalSection
	GlobalSection(ProjectConfigurationPlatforms) = postSolution
		{B8D20B25-DA59-4FF0-9039-AA922DB66CF4}.Debug|Any CPU.ActiveCfg = Debug|Any CPU
		{B8D20B25-DA59-4FF0-9039-AA922DB66CF4}.Debug|Any CPU.Build.0 = Debug|Any CPU
		{B8D20B25-DA59-4FF0-9039-AA922DB66CF4}.Release|Any CPU.ActiveCfg = Release|Any CPU
		{B8D20B25-DA59-4FF0-9039-AA922DB66CF4}.Release|Any CPU.Build.0 = Release|Any CPU
	EndGlobalSection
	GlobalSection(SolutionProperties) = preSolution
		HideSolutionNode = FALSE
	EndGlobalSection
	GlobalSection(ExtensibilityGlobals) = postSolution
		SolutionGuid = {75A8779E-9E83-44F9-980C-A9C34697DF42}
	EndGlobalSection
EndGlobal
